<Solution>
  <Project Path="Febucci.TextAnimatorForUnity.Runtime.csproj" />
  <Project Path="SingularityGroup.HotReload.Editor.csproj" />
  <Project Path="LunaWolfStudiosEditor.ScriptableSheets.Tables.csproj" />
  <Project Path="Febucci.TextAnimatorForUnity.TMP.Runtime.csproj" />
  <Project Path="Assembly-CSharp.csproj" />
  <Project Path="LunaWolfStudiosEditor.ScriptableSheets.csproj" />
  <Project Path="PrimeTween.Tests.csproj" />
  <Project Path="LunaWolfStudiosEditor.ScriptableSheets.EditorTests.csproj" />
  <Project Path="LunaWolfStudiosEditor.ScriptableSheets.Popups.csproj" />
  <Project Path="LunaWolfStudiosEditor.ScriptableSheets.Layout.csproj" />
  <Project Path="LunaWolfStudiosEditor.ScriptableSheets.PastePad.csproj" />
  <Project Path="Febucci.TextAnimator.Demo.Runtime.csproj" />
  <Project Path="PrimeTween.Runtime.csproj" />
  <Project Path="VInspector.csproj" />
  <Project Path="Febucci.TextAnimatorForUnity.UITk.Runtime.csproj" />
  <Project Path="LunaWolfStudiosEditor.ScriptableSheets.Comparables.csproj" />
  <Project Path="SingularityGroup.HotReload.Runtime.Public.csproj" />
  <Project Path="LunaWolfStudiosEditor.ScriptableSheets.Shared.csproj" />
  <Project Path="LunaWolfStudiosEditor.ScriptableSheets.Serializables.csproj" />
  <Project Path="Febucci.TextAnimator.Demo.Sounds.Runtime.csproj" />
  <Project Path="SingularityGroup.HotReload.Runtime.csproj" />
  <Project Path="Febucci.Attributes.Runtime.csproj" />
  <Project Path="Febucci.TextAnimatorForUnity.Input.Runtime.csproj" />
  <Project Path="PrimeTween.Tests.Editor.csproj" />
  <Project Path="PrimeTween.Editor.csproj" />
  <Project Path="Wingman.csproj" />
  <Project Path="LunaWolfStudiosEditor.ScriptableSheets.Importers.csproj" />
  <Project Path="LunaWolfStudiosEditor.ScriptableSheets.Scanning.csproj" />
  <Project Path="Assembly-CSharp-Editor.csproj" />
</Solution>
